
Microsoft Visual Studio Solution File, Format Version 12.00
# Visual Studio 14
VisualStudioVersion = 14.0.25420.1
MinimumVisualStudioVersion = 10.0.40219.1
Project("{FAE04EC0-301F-11D3-BF4B-00C04F79EFBC}") = "USF.Entities", "USF.Entities\USF.Entities.csproj", "{3772BBA9-C038-4F01-ADA6-C5945565C48B}"
EndProject
Project("{FAE04EC0-301F-11D3-BF4B-00C04F79EFBC}") = "USF.Database", "USF.Database\USF.Database.csproj", "{11038498-CF3F-494D-A6E1-08ED827CD415}"
EndProject
Project("{FAE04EC0-301F-11D3-BF4B-00C04F79EFBC}") = "USF.Web", "USF.Web\USF.Web.csproj", "{97F3AA2B-770A-41C9-AC90-B64D9FA7098D}"
EndProject
Global
	GlobalSection(SolutionConfigurationPlatforms) = preSolution
		Debug|Any CPU = Debug|Any CPU
		Release|Any CPU = Release|Any CPU
	EndGlobalSection
	GlobalSection(ProjectConfigurationPlatforms) = postSolution
		{3772BBA9-C038-4F01-ADA6-C5945565C48B}.Debug|Any CPU.ActiveCfg = Debug|Any CPU
		{3772BBA9-C038-4F01-ADA6-C5945565C48B}.Debug|Any CPU.Build.0 = Debug|Any CPU
		{3772BBA9-C038-4F01-ADA6-C5945565C48B}.Release|Any CPU.ActiveCfg = Release|Any CPU
		{3772BBA9-C038-4F01-ADA6-C5945565C48B}.Release|Any CPU.Build.0 = Release|Any CPU
		{11038498-CF3F-494D-A6E1-08ED827CD415}.Debug|Any CPU.ActiveCfg = Debug|Any CPU
		{11038498-CF3F-494D-A6E1-08ED827CD415}.Debug|Any CPU.Build.0 = Debug|Any CPU
		{11038498-CF3F-494D-A6E1-08ED827CD415}.Release|Any CPU.ActiveCfg = Release|Any CPU
		{11038498-CF3F-494D-A6E1-08ED827CD415}.Release|Any CPU.Build.0 = Release|Any CPU
		{97F3AA2B-770A-41C9-AC90-B64D9FA7098D}.Debug|Any CPU.ActiveCfg = Debug|Any CPU
		{97F3AA2B-770A-41C9-AC90-B64D9FA7098D}.Debug|Any CPU.Build.0 = Debug|Any CPU
		{97F3AA2B-770A-41C9-AC90-B64D9FA7098D}.Release|Any CPU.ActiveCfg = Release|Any CPU
		{97F3AA2B-770A-41C9-AC90-B64D9FA7098D}.Release|Any CPU.Build.0 = Release|Any CPU
	EndGlobalSection
	GlobalSection(SolutionProperties) = preSolution
		HideSolutionNode = FALSE
	EndGlobalSection
EndGlobal
